
Microsoft Visual Studio Solution File, Format Version 12.00
# Visual Studio 2013
VisualStudioVersion = 12.0.21005.1
MinimumVisualStudioVersion = 10.0.40219.1
Project("{FAE04EC0-301F-11D3-BF4B-00C04F79EFBC}") = "StudentERP", "StudentERP\StudentERP.csproj", "{F48F47D3-CE3B-4E50-B331-538ABE5121FE}"
EndProject
Project("{FAE04EC0-301F-11D3-BF4B-00C04F79EFBC}") = "StudentERP.Tests", "StudentERP.Tests\StudentERP.Tests.csproj", "{4B3F33BD-9248-4F86-BAB7-2A87C85F4280}"
EndProject
Global
	GlobalSection(SolutionConfigurationPlatforms) = preSolution
		Debug|Any CPU = Debug|Any CPU
		Release|Any CPU = Release|Any CPU
	EndGlobalSection
	GlobalSection(ProjectConfigurationPlatforms) = postSolution
		{F48F47D3-CE3B-4E50-B331-538ABE5121FE}.Debug|Any CPU.ActiveCfg = Debug|Any CPU
		{F48F47D3-CE3B-4E50-B331-538ABE5121FE}.Debug|Any CPU.Build.0 = Debug|Any CPU
		{F48F47D3-CE3B-4E50-B331-538ABE5121FE}.Release|Any CPU.ActiveCfg = Release|Any CPU
		{F48F47D3-CE3B-4E50-B331-538ABE5121FE}.Release|Any CPU.Build.0 = Release|Any CPU
		{4B3F33BD-9248-4F86-BAB7-2A87C85F4280}.Debug|Any CPU.ActiveCfg = Debug|Any CPU
		{4B3F33BD-9248-4F86-BAB7-2A87C85F4280}.Debug|Any CPU.Build.0 = Debug|Any CPU
		{4B3F33BD-9248-4F86-BAB7-2A87C85F4280}.Release|Any CPU.ActiveCfg = Release|Any CPU
		{4B3F33BD-9248-4F86-BAB7-2A87C85F4280}.Release|Any CPU.Build.0 = Release|Any CPU
	EndGlobalSection
	GlobalSection(SolutionProperties) = preSolution
		HideSolutionNode = FALSE
	EndGlobalSection
EndGlobal
